
Microsoft Visual Studio Solution File, Format Version 12.00
# Visual Studio Version 17
VisualStudioVersion = 17.3.32819.101
MinimumVisualStudioVersion = 10.0.40219.1
Project("{FAE04EC0-301F-11D3-BF4B-00C04F79EFBC}") = "Activity03", "Activity03.csproj", "{B77C2B5F-D9BF-4B2D-899F-46970B8DC8A7}"
EndProject
Global
	GlobalSection(SolutionConfigurationPlatforms) = preSolution
		Debug|Any CPU = Debug|Any CPU
		Release|Any CPU = Release|Any CPU
	EndGlobalSection
	GlobalSection(ProjectConfigurationPlatforms) = postSolution
		{B77C2B5F-D9BF-4B2D-899F-46970B8DC8A7}.Debug|Any CPU.ActiveCfg = Debug|Any CPU
		{B77C2B5F-D9BF-4B2D-899F-46970B8DC8A7}.Debug|Any CPU.Build.0 = Debug|Any CPU
		{B77C2B5F-D9BF-4B2D-899F-46970B8DC8A7}.Release|Any CPU.ActiveCfg = Release|Any CPU
		{B77C2B5F-D9BF-4B2D-899F-46970B8DC8A7}.Release|Any CPU.Build.0 = Release|Any CPU
	EndGlobalSection
	GlobalSection(SolutionProperties) = preSolution
		HideSolutionNode = FALSE
	EndGlobalSection
	GlobalSection(ExtensibilityGlobals) = postSolution
		SolutionGuid = {6E655998-8BFA-48D2-9D68-C9EF3EE063E3}
	EndGlobalSection
EndGlobal
